
Microsoft Visual Studio Solution File, Format Version 12.00
# Visual Studio 2013
VisualStudioVersion = 12.0.21005.1
MinimumVisualStudioVersion = 10.0.40219.1
Project("{FAE04EC0-301F-11D3-BF4B-00C04F79EFBC}") = "2. Distance Calculator", "2. Distance Calculator\2. Distance Calculator.csproj", "{083B796B-44F8-481F-8A23-5763E9E5FE96}"
EndProject
Project("{FAE04EC0-301F-11D3-BF4B-00C04F79EFBC}") = "6. Geometry", "6. Geometry\6. Geometry.csproj", "{2533F2A0-C8DB-460A-94F2-4A2E71872491}"
EndProject
Project("{FAE04EC0-301F-11D3-BF4B-00C04F79EFBC}") = "1. Point 3D", "1. Point3D\1. Point 3D.csproj", "{C5A90FC7-1F2E-4CE9-BF40-24AE4ED0D055}"
EndProject
Global
	GlobalSection(SolutionConfigurationPlatforms) = preSolution
		Debug|Any CPU = Debug|Any CPU
		Release|Any CPU = Release|Any CPU
	EndGlobalSection
	GlobalSection(ProjectConfigurationPlatforms) = postSolution
		{083B796B-44F8-481F-8A23-5763E9E5FE96}.Debug|Any CPU.ActiveCfg = Debug|Any CPU
		{083B796B-44F8-481F-8A23-5763E9E5FE96}.Debug|Any CPU.Build.0 = Debug|Any CPU
		{083B796B-44F8-481F-8A23-5763E9E5FE96}.Release|Any CPU.ActiveCfg = Release|Any CPU
		{083B796B-44F8-481F-8A23-5763E9E5FE96}.Release|Any CPU.Build.0 = Release|Any CPU
		{2533F2A0-C8DB-460A-94F2-4A2E71872491}.Debug|Any CPU.ActiveCfg = Debug|Any CPU
		{2533F2A0-C8DB-460A-94F2-4A2E71872491}.Debug|Any CPU.Build.0 = Debug|Any CPU
		{2533F2A0-C8DB-460A-94F2-4A2E71872491}.Release|Any CPU.ActiveCfg = Release|Any CPU
		{2533F2A0-C8DB-460A-94F2-4A2E71872491}.Release|Any CPU.Build.0 = Release|Any CPU
		{C5A90FC7-1F2E-4CE9-BF40-24AE4ED0D055}.Debug|Any CPU.ActiveCfg = Debug|Any CPU
		{C5A90FC7-1F2E-4CE9-BF40-24AE4ED0D055}.Debug|Any CPU.Build.0 = Debug|Any CPU
		{C5A90FC7-1F2E-4CE9-BF40-24AE4ED0D055}.Release|Any CPU.ActiveCfg = Release|Any CPU
		{C5A90FC7-1F2E-4CE9-BF40-24AE4ED0D055}.Release|Any CPU.Build.0 = Release|Any CPU
	EndGlobalSection
	GlobalSection(SolutionProperties) = preSolution
		HideSolutionNode = FALSE
	EndGlobalSection
EndGlobal
