
Microsoft Visual Studio Solution File, Format Version 12.00
# Visual Studio 2013
VisualStudioVersion = 12.0.21005.1
MinimumVisualStudioVersion = 10.0.40219.1
Project("{FAE04EC0-301F-11D3-BF4B-00C04F79EFBC}") = "1. Shapes", "1. Shapes\1. Shapes.csproj", "{F41FE0DF-A44E-4852-815A-0B158EE8DA0F}"
EndProject
Project("{FAE04EC0-301F-11D3-BF4B-00C04F79EFBC}") = "2. Bank-of-Kurtovo-Konare", "2. Bank-of-Kurtovo-Konare\2. Bank-of-Kurtovo-Konare.csproj", "{44538F2F-946F-40C7-9C7A-E6165119273E}"
EndProject
Project("{FAE04EC0-301F-11D3-BF4B-00C04F79EFBC}") = "TheSlum", "..\..\..\Lession\2.1 OOP\4. Encapsulation-and-Polymorphism\4. Encapsulation-and-Polymorphism-Homework\TheSlum-Skeleton\TheSlum.csproj", "{7C6F7F25-2FDB-401F-B1A9-D8CE3BB7308D}"
EndProject
Global
	GlobalSection(SolutionConfigurationPlatforms) = preSolution
		Debug|Any CPU = Debug|Any CPU
		Release|Any CPU = Release|Any CPU
	EndGlobalSection
	GlobalSection(ProjectConfigurationPlatforms) = postSolution
		{F41FE0DF-A44E-4852-815A-0B158EE8DA0F}.Debug|Any CPU.ActiveCfg = Debug|Any CPU
		{F41FE0DF-A44E-4852-815A-0B158EE8DA0F}.Debug|Any CPU.Build.0 = Debug|Any CPU
		{F41FE0DF-A44E-4852-815A-0B158EE8DA0F}.Release|Any CPU.ActiveCfg = Release|Any CPU
		{F41FE0DF-A44E-4852-815A-0B158EE8DA0F}.Release|Any CPU.Build.0 = Release|Any CPU
		{44538F2F-946F-40C7-9C7A-E6165119273E}.Debug|Any CPU.ActiveCfg = Debug|Any CPU
		{44538F2F-946F-40C7-9C7A-E6165119273E}.Debug|Any CPU.Build.0 = Debug|Any CPU
		{44538F2F-946F-40C7-9C7A-E6165119273E}.Release|Any CPU.ActiveCfg = Release|Any CPU
		{44538F2F-946F-40C7-9C7A-E6165119273E}.Release|Any CPU.Build.0 = Release|Any CPU
		{7C6F7F25-2FDB-401F-B1A9-D8CE3BB7308D}.Debug|Any CPU.ActiveCfg = Debug|Any CPU
		{7C6F7F25-2FDB-401F-B1A9-D8CE3BB7308D}.Debug|Any CPU.Build.0 = Debug|Any CPU
		{7C6F7F25-2FDB-401F-B1A9-D8CE3BB7308D}.Release|Any CPU.ActiveCfg = Release|Any CPU
		{7C6F7F25-2FDB-401F-B1A9-D8CE3BB7308D}.Release|Any CPU.Build.0 = Release|Any CPU
	EndGlobalSection
	GlobalSection(SolutionProperties) = preSolution
		HideSolutionNode = FALSE
	EndGlobalSection
EndGlobal
